
Microsoft Visual Studio Solution File, Format Version 12.00
# Visual Studio 15
VisualStudioVersion = 15.0.27428.2037
MinimumVisualStudioVersion = 10.0.40219.1
Project("{FAE04EC0-301F-11D3-BF4B-00C04F79EFBC}") = "Lab3", "Lab3\Lab3.csproj", "{3BD227AF-A4A8-42A6-9FDB-52464D54EC15}"
EndProject
Project("{FAE04EC0-301F-11D3-BF4B-00C04F79EFBC}") = "UnitTests", "UnitTests\UnitTests.csproj", "{C3AD61E8-13D1-402C-9CC7-61B9E2640275}"
EndProject
Global
	GlobalSection(SolutionConfigurationPlatforms) = preSolution
		Debug|Any CPU = Debug|Any CPU
		Release|Any CPU = Release|Any CPU
	EndGlobalSection
	GlobalSection(ProjectConfigurationPlatforms) = postSolution
		{3BD227AF-A4A8-42A6-9FDB-52464D54EC15}.Debug|Any CPU.ActiveCfg = Debug|Any CPU
		{3BD227AF-A4A8-42A6-9FDB-52464D54EC15}.Debug|Any CPU.Build.0 = Debug|Any CPU
		{3BD227AF-A4A8-42A6-9FDB-52464D54EC15}.Release|Any CPU.ActiveCfg = Release|Any CPU
		{3BD227AF-A4A8-42A6-9FDB-52464D54EC15}.Release|Any CPU.Build.0 = Release|Any CPU
		{C3AD61E8-13D1-402C-9CC7-61B9E2640275}.Debug|Any CPU.ActiveCfg = Debug|Any CPU
		{C3AD61E8-13D1-402C-9CC7-61B9E2640275}.Debug|Any CPU.Build.0 = Debug|Any CPU
		{C3AD61E8-13D1-402C-9CC7-61B9E2640275}.Release|Any CPU.ActiveCfg = Release|Any CPU
		{C3AD61E8-13D1-402C-9CC7-61B9E2640275}.Release|Any CPU.Build.0 = Release|Any CPU
	EndGlobalSection
	GlobalSection(SolutionProperties) = preSolution
		HideSolutionNode = FALSE
	EndGlobalSection
	GlobalSection(ExtensibilityGlobals) = postSolution
		SolutionGuid = {868FD2CD-1DDB-4ABE-A255-41D3D2FADABB}
	EndGlobalSection
EndGlobal
